<?xml version="1.0" encoding="utf-8"?>
<Project ToolsVersion="4.0" xmlns="http://schemas.microsoft.com/developer/msbuild/2003">
  <ItemGroup>
    <Filter Include="res">
      <UniqueIdentifier>69dda6c5-0535-4d7c-9df9-b6f8a1d6c87c</UniqueIdentifier>
    </Filter>
    <Filter Include="res\values">
      <UniqueIdentifier>b77ac518-d2d2-4f61-babd-7e773c5d6c11</UniqueIdentifier>
    </Filter>
    <Filter Include="src">
      <UniqueIdentifier>{089543a2-b757-417d-9d6d-a67ad69891cb}</UniqueIdentifier>
    </Filter>
    <Filter Include="src\com">
      <UniqueIdentifier>{074950c3-a32f-473b-8155-c7f4242775cf}</UniqueIdentifier>
    </Filter>
    <Filter Include="src\com\faustgames">
      <UniqueIdentifier>{da4931e6-50ab-4704-a0ee-d314e96bb33f}</UniqueIdentifier>
    </Filter>
    <Filter Include="src\com\faustgames\forest">
      <UniqueIdentifier>{e275c247-12e7-4fb5-a57f-2cbb973ef997}</UniqueIdentifier>
    </Filter>
    <Filter Include="jni">
      <UniqueIdentifier>{26f67845-e322-483a-984c-c9867365a8a7}</UniqueIdentifier>
    </Filter>
    <Filter Include="assets">
      <UniqueIdentifier>{f8e55862-e81e-410e-b9bd-99958ad77d7e}</UniqueIdentifier>
    </Filter>
    <Filter Include="assets\res">
      <UniqueIdentifier>{5dd63863-9cfc-4002-86e0-b0c9e6ea7dbe}</UniqueIdentifier>
    </Filter>
    <Filter Include="assets\res\common">
      <UniqueIdentifier>{687e3236-b4ba-401f-8142-fc91488b255c}</UniqueIdentifier>
    </Filter>
    <Filter Include="assets\res\png">
      <UniqueIdentifier>{d70ca8b5-f6f0-4951-aa30-ac0a143a5ff7}</UniqueIdentifier>
    </Filter>
    <Filter Include="assets\res\shaders">
      <UniqueIdentifier>{aa90d11f-2063-4b71-908a-414b06a75083}</UniqueIdentifier>
    </Filter>
    <Filter Include="assets\res\ui">
      <UniqueIdentifier>{8a8850f9-3ae4-4445-810c-8dd7cd542b17}</UniqueIdentifier>
    </Filter>
  </ItemGroup>
  <ItemGroup>
    <AndroidBuild Include="AndroidManifest.xml" />
    <AndroidBuild Include="res\values\strings.xml">
      <Filter>res\values</Filter>
    </AndroidBuild>
  </ItemGroup>
  <ItemGroup>
    <JCompile Include="src\com\faustgames\forest\forest.java">
      <Filter>src\com\faustgames\forest</Filter>
    </JCompile>
    <JCompile Include="src\com\faustgames\forest\NativeInterface.java">
      <Filter>src\com\faustgames\forest</Filter>
    </JCompile>
    <JCompile Include="src\com\faustgames\forest\GLEnginePendingOperationsController.java">
      <Filter>src\com\faustgames\forest</Filter>
    </JCompile>
    <JCompile Include="src\com\faustgames\forest\GLWallpaperService.java">
      <Filter>src\com\faustgames\forest</Filter>
    </JCompile>
    <JCompile Include="src\com\faustgames\forest\WPService.java">
      <Filter>src\com\faustgames\forest</Filter>
    </JCompile>
  </ItemGroup>
  <ItemGroup>
    <ClCompile Include="..\src\main.cpp">
      <Filter>jni</Filter>
    </ClCompile>
    <ClCompile Include="..\src\nativeinterface.cpp">
      <Filter>jni</Filter>
    </ClCompile>
    <ClCompile Include="..\src\TargetCamera.cpp">
      <Filter>jni</Filter>
    </ClCompile>
  </ItemGroup>
  <ItemGroup>
    <ClInclude Include="..\src\main.h">
      <Filter>jni</Filter>
    </ClInclude>
    <ClInclude Include="..\src\nativeinterface.h">
      <Filter>jni</Filter>
    </ClInclude>
    <ClInclude Include="..\src\TargetCamera.h">
      <Filter>jni</Filter>
    </ClInclude>
  </ItemGroup>
  <ItemGroup>
    <None Include="..\assets\game.config">
      <Filter>assets</Filter>
    </None>
    <None Include="..\assets\res\common\boy.animation">
      <Filter>assets\res\common</Filter>
    </None>
    <None Include="..\assets\res\common\chair.animation">
      <Filter>assets\res\common</Filter>
    </None>
    <None Include="..\assets\res\common\gamepad.form">
      <Filter>assets\res\common</Filter>
    </None>
    <None Include="..\assets\res\common\gamepad.theme">
      <Filter>assets\res\common</Filter>
    </None>
    <None Include="..\assets\res\common\sample.gpb">
      <Filter>assets\res\common</Filter>
    </None>
    <None Include="..\assets\res\common\sample.material">
      <Filter>assets\res\common</Filter>
    </None>
    <None Include="..\assets\res\common\sample.physics">
      <Filter>assets\res\common</Filter>
    </None>
    <None Include="..\assets\res\common\sample.scene">
      <Filter>assets\res\common</Filter>
    </None>
    <None Include="..\assets\res\png\arial.ttf">
      <Filter>assets\res\png</Filter>
    </None>
    <None Include="..\assets\res\png\backboard.png">
      <Filter>assets\res\png</Filter>
    </None>
    <None Include="..\assets\res\png\basketball.png">
      <Filter>assets\res\png</Filter>
    </None>
    <None Include="..\assets\res\png\basketballnet.png">
      <Filter>assets\res\png</Filter>
    </None>
    <None Include="..\assets\res\png\book.png">
      <Filter>assets\res\png</Filter>
    </None>
    <None Include="..\assets\res\png\bookshelf.png">
      <Filter>assets\res\png</Filter>
    </None>
    <None Include="..\assets\res\png\boy.png">
      <Filter>assets\res\png</Filter>
    </None>
    <None Include="..\assets\res\png\character.png">
      <Filter>assets\res\png</Filter>
    </None>
    <None Include="..\assets\res\png\decals.png">
      <Filter>assets\res\png</Filter>
    </None>
    <None Include="..\assets\res\png\door.png">
      <Filter>assets\res\png</Filter>
    </None>
    <None Include="..\assets\res\png\doorframe.png">
      <Filter>assets\res\png</Filter>
    </None>
    <None Include="..\assets\res\png\easel.png">
      <Filter>assets\res\png</Filter>
    </None>
    <None Include="..\assets\res\png\floor.png">
      <Filter>assets\res\png</Filter>
    </None>
    <None Include="..\assets\res\png\floortiles.png">
      <Filter>assets\res\png</Filter>
    </None>
    <None Include="..\assets\res\png\gamepad.png">
      <Filter>assets\res\png</Filter>
    </None>
    <None Include="..\assets\res\png\playtable.png">
      <Filter>assets\res\png</Filter>
    </None>
    <None Include="..\assets\res\png\shadow.png">
      <Filter>assets\res\png</Filter>
    </None>
    <None Include="..\assets\res\png\storageorganizer.png">
      <Filter>assets\res\png</Filter>
    </None>
    <None Include="..\assets\res\png\tableleg1.png">
      <Filter>assets\res\png</Filter>
    </None>
    <None Include="..\assets\res\png\tableleg2.png">
      <Filter>assets\res\png</Filter>
    </None>
    <None Include="..\assets\res\png\tableleg3.png">
      <Filter>assets\res\png</Filter>
    </None>
    <None Include="..\assets\res\png\tableleg4.png">
      <Filter>assets\res\png</Filter>
    </None>
    <None Include="..\assets\res\png\tabletop.png">
      <Filter>assets\res\png</Filter>
    </None>
    <None Include="..\assets\res\png\tiles.png">
      <Filter>assets\res\png</Filter>
    </None>
    <None Include="..\assets\res\png\tilesn.png">
      <Filter>assets\res\png</Filter>
    </None>
    <None Include="..\assets\res\png\toybox.png">
      <Filter>assets\res\png</Filter>
    </None>
    <None Include="..\assets\res\png\walleast.png">
      <Filter>assets\res\png</Filter>
    </None>
    <None Include="..\assets\res\png\wallnorth.png">
      <Filter>assets\res\png</Filter>
    </None>
    <None Include="..\assets\res\png\walloverhang.png">
      <Filter>assets\res\png</Filter>
    </None>
    <None Include="..\assets\res\png\wallsouth.png">
      <Filter>assets\res\png</Filter>
    </None>
    <None Include="..\assets\res\png\wallwest.png">
      <Filter>assets\res\png</Filter>
    </None>
    <None Include="..\assets\res\png\windowledge.png">
      <Filter>assets\res\png</Filter>
    </None>
    <None Include="..\assets\res\png\wood.png">
      <Filter>assets\res\png</Filter>
    </None>
    <None Include="..\assets\res\png\woodn.png">
      <Filter>assets\res\png</Filter>
    </None>
    <None Include="..\assets\res\shaders\colored.frag">
      <Filter>assets\res\shaders</Filter>
    </None>
    <None Include="..\assets\res\shaders\colored.vert">
      <Filter>assets\res\shaders</Filter>
    </None>
    <None Include="..\assets\res\shaders\colored-unlit.frag">
      <Filter>assets\res\shaders</Filter>
    </None>
    <None Include="..\assets\res\shaders\colored-unlit.vert">
      <Filter>assets\res\shaders</Filter>
    </None>
    <None Include="..\assets\res\shaders\font.frag">
      <Filter>assets\res\shaders</Filter>
    </None>
    <None Include="..\assets\res\shaders\font.vert">
      <Filter>assets\res\shaders</Filter>
    </None>
    <None Include="..\assets\res\shaders\form.frag">
      <Filter>assets\res\shaders</Filter>
    </None>
    <None Include="..\assets\res\shaders\form.vert">
      <Filter>assets\res\shaders</Filter>
    </None>
    <None Include="..\assets\res\shaders\lighting.frag">
      <Filter>assets\res\shaders</Filter>
    </None>
    <None Include="..\assets\res\shaders\lighting.vert">
      <Filter>assets\res\shaders</Filter>
    </None>
    <None Include="..\assets\res\shaders\lighting-directional.frag">
      <Filter>assets\res\shaders</Filter>
    </None>
    <None Include="..\assets\res\shaders\lighting-directional.vert">
      <Filter>assets\res\shaders</Filter>
    </None>
    <None Include="..\assets\res\shaders\lighting-point.frag">
      <Filter>assets\res\shaders</Filter>
    </None>
    <None Include="..\assets\res\shaders\lighting-point.vert">
      <Filter>assets\res\shaders</Filter>
    </None>
    <None Include="..\assets\res\shaders\lighting-spot.frag">
      <Filter>assets\res\shaders</Filter>
    </None>
    <None Include="..\assets\res\shaders\lighting-spot.vert">
      <Filter>assets\res\shaders</Filter>
    </None>
    <None Include="..\assets\res\shaders\skinning.vert">
      <Filter>assets\res\shaders</Filter>
    </None>
    <None Include="..\assets\res\shaders\skinning-none.vert">
      <Filter>assets\res\shaders</Filter>
    </None>
    <None Include="..\assets\res\shaders\sprite.frag">
      <Filter>assets\res\shaders</Filter>
    </None>
    <None Include="..\assets\res\shaders\sprite.vert">
      <Filter>assets\res\shaders</Filter>
    </None>
    <None Include="..\assets\res\shaders\terrain.frag">
      <Filter>assets\res\shaders</Filter>
    </None>
    <None Include="..\assets\res\shaders\terrain.vert">
      <Filter>assets\res\shaders</Filter>
    </None>
    <None Include="..\assets\res\shaders\textured.frag">
      <Filter>assets\res\shaders</Filter>
    </None>
    <None Include="..\assets\res\shaders\textured.vert">
      <Filter>assets\res\shaders</Filter>
    </None>
    <None Include="..\assets\res\shaders\textured-bumped.frag">
      <Filter>assets\res\shaders</Filter>
    </None>
    <None Include="..\assets\res\shaders\textured-bumped.vert">
      <Filter>assets\res\shaders</Filter>
    </None>
    <None Include="..\assets\res\shaders\textured-unlit.frag">
      <Filter>assets\res\shaders</Filter>
    </None>
    <None Include="..\assets\res\shaders\textured-unlit.vert">
      <Filter>assets\res\shaders</Filter>
    </None>
    <None Include="..\assets\res\ui\arial.gpb">
      <Filter>assets\res\ui</Filter>
    </None>
    <None Include="..\assets\res\ui\default.theme">
      <Filter>assets\res\ui</Filter>
    </None>
    <None Include="..\assets\res\ui\default-theme.png">
      <Filter>assets\res\ui</Filter>
    </None>
  </ItemGroup>
</Project>