<?xml version="1.0" encoding="utf-8"?>
<Project ToolsVersion="4.0" xmlns="http://schemas.microsoft.com/developer/msbuild/2003">
  <ItemGroup>
    <Filter Include="res">
    </Filter>
    <Filter Include="src">
    </Filter>
    <Filter Include="src\ParticleEmitters">
      <UniqueIdentifier>{9502e563-92e7-48b9-85de-6968de67684a}</UniqueIdentifier>
    </Filter>
    <Filter Include="src\Units">
      <UniqueIdentifier>{b86a7fae-1583-4db9-9e5b-4b1f81a7ac26}</UniqueIdentifier>
    </Filter>
  </ItemGroup>
  <ItemGroup>
    <None Include="bar-descriptor.xml" />
    <None Include="res\box.fbx">
      <Filter>res</Filter>
    </None>
    <None Include="res\box.gpb">
      <Filter>res</Filter>
    </None>
    <None Include="res\box.material">
      <Filter>res</Filter>
    </None>
    <None Include="res\colored.frag">
      <Filter>res</Filter>
    </None>
    <None Include="res\colored.vert">
      <Filter>res</Filter>
    </None>
    <None Include="game.config">
      <Filter>res</Filter>
    </None>
    <None Include="icon.png">
      <Filter>res</Filter>
    </None>
  </ItemGroup>
  <ItemGroup>
    <ClCompile Include="src\main.cpp">
      <Filter>src</Filter>
    </ClCompile>
    <ClCompile Include="src\FirstPersonCamera.cpp">
      <Filter>src</Filter>
    </ClCompile>
    <ClCompile Include="src\TargetCamera.cpp">
      <Filter>src</Filter>
    </ClCompile>
    <ClCompile Include="src\StarsParticles.cpp">
      <Filter>src\ParticleEmitters</Filter>
    </ClCompile>
    <ClCompile Include="src\BaseGameObject.cpp">
      <Filter>src\Units</Filter>
    </ClCompile>
    <ClCompile Include="src\GameObjectManager.cpp">
      <Filter>src\Units</Filter>
    </ClCompile>
    <ClCompile Include="src\BaseWarrior.cpp">
      <Filter>src\Units</Filter>
    </ClCompile>
    <ClCompile Include="src\Player.cpp">
      <Filter>src\Units</Filter>
    </ClCompile>
    <ClCompile Include="src\HiddenObject.cpp">
      <Filter>src\Units</Filter>
    </ClCompile>
    <ClCompile Include="src\GameHUD.cpp">
      <Filter>src</Filter>
    </ClCompile>
    <ClCompile Include="src\UnitMovement.cpp">
      <Filter>src\Units</Filter>
    </ClCompile>
  </ItemGroup>
  <ItemGroup>
    <ClInclude Include="src\main.h">
      <Filter>src</Filter>
    </ClInclude>
    <ClInclude Include="src\FirstPersonCamera.h">
      <Filter>src</Filter>
    </ClInclude>
    <ClInclude Include="src\TargetCamera.h">
      <Filter>src</Filter>
    </ClInclude>
    <ClInclude Include="src\StarsParticles.h">
      <Filter>src\ParticleEmitters</Filter>
    </ClInclude>
    <ClInclude Include="src\BaseGameObject.h">
      <Filter>src\Units</Filter>
    </ClInclude>
    <ClInclude Include="src\GameObjectManager.h">
      <Filter>src\Units</Filter>
    </ClInclude>
    <ClInclude Include="src\BaseWarrior.h">
      <Filter>src\Units</Filter>
    </ClInclude>
    <ClInclude Include="src\Player.h">
      <Filter>src\Units</Filter>
    </ClInclude>
    <ClInclude Include="src\HiddenObject.h">
      <Filter>src\Units</Filter>
    </ClInclude>
    <ClInclude Include="src\GameHUD.h">
      <Filter>src</Filter>
    </ClInclude>
    <ClInclude Include="src\UnitMovement.h">
      <Filter>src\Units</Filter>
    </ClInclude>
    <ClInclude Include="src\Headers.h">
      <Filter>src</Filter>
    </ClInclude>
  </ItemGroup>
</Project>