<?xml version="1.0" encoding="utf-8"?>
<Project ToolsVersion="4.0" xmlns="http://schemas.microsoft.com/developer/msbuild/2003">
  <ItemGroup>
    <Filter Include="res">
    </Filter>
    <Filter Include="src">
    </Filter>
    <Filter Include="src\ParticleEmitters">
      <UniqueIdentifier>{9502e563-92e7-48b9-85de-6968de67684a}</UniqueIdentifier>
    </Filter>
    <Filter Include="src\GameObjects">
      <UniqueIdentifier>{b86a7fae-1583-4db9-9e5b-4b1f81a7ac26}</UniqueIdentifier>
    </Filter>
    <Filter Include="src\GameObjects\Warriors">
      <UniqueIdentifier>{3146edf3-afe5-474e-8690-a02db8b189c6}</UniqueIdentifier>
    </Filter>
    <Filter Include="src\GameObjects\Bullets">
      <UniqueIdentifier>{d7c07780-21ce-4a17-a9fa-52d9aa00aa01}</UniqueIdentifier>
    </Filter>
    <Filter Include="src\RakNet">
      <UniqueIdentifier>{7b2377f2-3477-49d8-b96c-39e50f97342a}</UniqueIdentifier>
    </Filter>
    <Filter Include="src\RakNet\SAMP">
      <UniqueIdentifier>{bd07b910-1efa-415c-87bc-165cceaafb3b}</UniqueIdentifier>
    </Filter>
  </ItemGroup>
  <ItemGroup>
    <None Include="bar-descriptor.xml" />
    <None Include="res\box.fbx">
      <Filter>res</Filter>
    </None>
    <None Include="res\box.gpb">
      <Filter>res</Filter>
    </None>
    <None Include="res\box.material">
      <Filter>res</Filter>
    </None>
    <None Include="res\colored.frag">
      <Filter>res</Filter>
    </None>
    <None Include="res\colored.vert">
      <Filter>res</Filter>
    </None>
    <None Include="game.config">
      <Filter>res</Filter>
    </None>
    <None Include="icon.png">
      <Filter>res</Filter>
    </None>
  </ItemGroup>
  <ItemGroup>
    <ClCompile Include="src\main.cpp">
      <Filter>src</Filter>
    </ClCompile>
    <ClCompile Include="src\FirstPersonCamera.cpp">
      <Filter>src</Filter>
    </ClCompile>
    <ClCompile Include="src\TargetCamera.cpp">
      <Filter>src</Filter>
    </ClCompile>
    <ClCompile Include="src\StarsParticles.cpp">
      <Filter>src\ParticleEmitters</Filter>
    </ClCompile>
    <ClCompile Include="src\BaseGameObject.cpp">
      <Filter>src\GameObjects</Filter>
    </ClCompile>
    <ClCompile Include="src\GameObjectManager.cpp">
      <Filter>src\GameObjects</Filter>
    </ClCompile>
    <ClCompile Include="src\BaseWarrior.cpp">
      <Filter>src\GameObjects</Filter>
    </ClCompile>
    <ClCompile Include="src\Player.cpp">
      <Filter>src\GameObjects</Filter>
    </ClCompile>
    <ClCompile Include="src\HiddenObject.cpp">
      <Filter>src\GameObjects</Filter>
    </ClCompile>
    <ClCompile Include="src\GameHUD.cpp">
      <Filter>src</Filter>
    </ClCompile>
    <ClCompile Include="src\UnitMovement.cpp">
      <Filter>src\GameObjects</Filter>
    </ClCompile>
    <ClCompile Include="src\barar.cpp">
      <Filter>src\GameObjects\Warriors</Filter>
    </ClCompile>
    <ClCompile Include="src\budfoor.cpp">
      <Filter>src\GameObjects\Warriors</Filter>
    </ClCompile>
    <ClCompile Include="src\irbaga.cpp">
      <Filter>src\GameObjects\Warriors</Filter>
    </ClCompile>
    <ClCompile Include="src\albiria.cpp">
      <Filter>src\GameObjects\Warriors</Filter>
    </ClCompile>
    <ClCompile Include="src\BaseBullet.cpp">
      <Filter>src\GameObjects</Filter>
    </ClCompile>
    <ClCompile Include="src\BaseActor.cpp">
      <Filter>src\GameObjects</Filter>
    </ClCompile>
    <ClCompile Include="src\BoomerangBullet.cpp">
      <Filter>src\GameObjects\Bullets</Filter>
    </ClCompile>
    <ClCompile Include="src\chasovoy.cpp">
      <Filter>src\GameObjects\Warriors</Filter>
    </ClCompile>
    <ClCompile Include="src\ServerClient.cpp">
      <Filter>src</Filter>
    </ClCompile>
    <ClCompile Include="src\Warriors.cpp">
      <Filter>src\GameObjects\Warriors</Filter>
    </ClCompile>
    <ClCompile Include="src\Tower.cpp">
      <Filter>src\GameObjects</Filter>
    </ClCompile>
    <ClCompile Include="src\thebase.cpp">
      <Filter>src\GameObjects</Filter>
    </ClCompile>
    <ClCompile Include="src\ActorData.cpp">
      <Filter>src\GameObjects</Filter>
    </ClCompile>
    <ClCompile Include="..\Server\raknet\_findfirst.cpp">
      <Filter>src\RakNet</Filter>
    </ClCompile>
    <ClCompile Include="..\Server\raknet\AsynchronousFileIO.cpp">
      <Filter>src\RakNet</Filter>
    </ClCompile>
    <ClCompile Include="..\Server\raknet\BitStream.cpp">
      <Filter>src\RakNet</Filter>
    </ClCompile>
    <ClCompile Include="..\Server\raknet\BitStream_NoTemplate.cpp">
      <Filter>src\RakNet</Filter>
    </ClCompile>
    <ClCompile Include="..\Server\raknet\CheckSum.cpp">
      <Filter>src\RakNet</Filter>
    </ClCompile>
    <ClCompile Include="..\Server\raknet\CommandParserInterface.cpp">
      <Filter>src\RakNet</Filter>
    </ClCompile>
    <ClCompile Include="..\Server\raknet\ConsoleServer.cpp">
      <Filter>src\RakNet</Filter>
    </ClCompile>
    <ClCompile Include="..\Server\raknet\DataBlockEncryptor.cpp">
      <Filter>src\RakNet</Filter>
    </ClCompile>
    <ClCompile Include="..\Server\raknet\DataCompressor.cpp">
      <Filter>src\RakNet</Filter>
    </ClCompile>
    <ClCompile Include="..\Server\raknet\DS_ByteQueue.cpp">
      <Filter>src\RakNet</Filter>
    </ClCompile>
    <ClCompile Include="..\Server\raknet\DS_HuffmanEncodingTree.cpp">
      <Filter>src\RakNet</Filter>
    </ClCompile>
    <ClCompile Include="..\Server\raknet\DS_Table.cpp">
      <Filter>src\RakNet</Filter>
    </ClCompile>
    <ClCompile Include="..\Server\raknet\EncodeClassName.cpp">
      <Filter>src\RakNet</Filter>
    </ClCompile>
    <ClCompile Include="..\Server\raknet\ExtendedOverlappedPool.cpp">
      <Filter>src\RakNet</Filter>
    </ClCompile>
    <ClCompile Include="..\Server\raknet\FileOperations.cpp">
      <Filter>src\RakNet</Filter>
    </ClCompile>
    <ClCompile Include="..\Server\raknet\Gets.cpp">
      <Filter>src\RakNet</Filter>
    </ClCompile>
    <ClCompile Include="..\Server\raknet\GetTime.cpp">
      <Filter>src\RakNet</Filter>
    </ClCompile>
    <ClCompile Include="..\Server\raknet\InternalPacketPool.cpp">
      <Filter>src\RakNet</Filter>
    </ClCompile>
    <ClCompile Include="..\Server\raknet\LinuxStrings.cpp">
      <Filter>src\RakNet</Filter>
    </ClCompile>
    <ClCompile Include="..\Server\raknet\LogCommandParser.cpp">
      <Filter>src\RakNet</Filter>
    </ClCompile>
    <ClCompile Include="..\Server\raknet\NetworkIDGenerator.cpp">
      <Filter>src\RakNet</Filter>
    </ClCompile>
    <ClCompile Include="..\Server\raknet\NetworkTypes.cpp">
      <Filter>src\RakNet</Filter>
    </ClCompile>
    <ClCompile Include="..\Server\raknet\PluginInterface.cpp">
      <Filter>src\RakNet</Filter>
    </ClCompile>
    <ClCompile Include="..\Server\raknet\RakClient.cpp">
      <Filter>src\RakNet</Filter>
    </ClCompile>
    <ClCompile Include="..\Server\raknet\RakNetCommandParser.cpp">
      <Filter>src\RakNet</Filter>
    </ClCompile>
    <ClCompile Include="..\Server\raknet\RakNetStatistics.cpp">
      <Filter>src\RakNet</Filter>
    </ClCompile>
    <ClCompile Include="..\Server\raknet\RakNetworkFactory.cpp">
      <Filter>src\RakNet</Filter>
    </ClCompile>
    <ClCompile Include="..\Server\raknet\RakPeer.cpp">
      <Filter>src\RakNet</Filter>
    </ClCompile>
    <ClCompile Include="..\Server\raknet\rakserver.cpp">
      <Filter>src\RakNet</Filter>
    </ClCompile>
    <ClCompile Include="..\Server\raknet\RakSleep.cpp">
      <Filter>src\RakNet</Filter>
    </ClCompile>
    <ClCompile Include="..\Server\raknet\Rand.cpp">
      <Filter>src\RakNet</Filter>
    </ClCompile>
    <ClCompile Include="..\Server\raknet\ReliabilityLayer.cpp">
      <Filter>src\RakNet</Filter>
    </ClCompile>
    <ClCompile Include="..\Server\raknet\rijndael.cpp">
      <Filter>src\RakNet</Filter>
    </ClCompile>
    <ClCompile Include="..\Server\raknet\RPCMap.cpp">
      <Filter>src\RakNet</Filter>
    </ClCompile>
    <ClCompile Include="..\Server\raknet\SHA1.cpp">
      <Filter>src\RakNet</Filter>
    </ClCompile>
    <ClCompile Include="..\Server\raknet\SimpleMutex.cpp">
      <Filter>src\RakNet</Filter>
    </ClCompile>
    <ClCompile Include="..\Server\raknet\SocketLayer.cpp">
      <Filter>src\RakNet</Filter>
    </ClCompile>
    <ClCompile Include="..\Server\raknet\StringCompressor.cpp">
      <Filter>src\RakNet</Filter>
    </ClCompile>
    <ClCompile Include="..\Server\raknet\StringTable.cpp">
      <Filter>src\RakNet</Filter>
    </ClCompile>
    <ClCompile Include="..\Server\raknet\SystemAddressList.cpp">
      <Filter>src\RakNet</Filter>
    </ClCompile>
    <ClCompile Include="..\Server\raknet\SystemDatabaseClient.cpp">
      <Filter>src\RakNet</Filter>
    </ClCompile>
    <ClCompile Include="..\Server\raknet\SystemDatabaseServer.cpp">
      <Filter>src\RakNet</Filter>
    </ClCompile>
    <ClCompile Include="..\Server\raknet\TableSerializer.cpp">
      <Filter>src\RakNet</Filter>
    </ClCompile>
    <ClCompile Include="..\Server\raknet\TCPInterface.cpp">
      <Filter>src\RakNet</Filter>
    </ClCompile>
    <ClCompile Include="..\Server\raknet\TelnetTransport.cpp">
      <Filter>src\RakNet</Filter>
    </ClCompile>
    <ClCompile Include="..\Server\raknet\SAMP\samp_netencr.cpp">
      <Filter>src\RakNet\SAMP</Filter>
    </ClCompile>
    <ClCompile Include="..\Server\raknet\SAMP\SAMPRPC.cpp">
      <Filter>src\RakNet\SAMP</Filter>
    </ClCompile>
    <ClCompile Include="src\BaseStaticActor.cpp">
      <Filter>src\GameObjects</Filter>
    </ClCompile>
    <ClCompile Include="src\TimeManager.cpp">
      <Filter>src</Filter>
    </ClCompile>
    <ClCompile Include="src\TimeWarpObject.cpp">
      <Filter>src\GameObjects</Filter>
    </ClCompile>
  </ItemGroup>
  <ItemGroup>
    <ClInclude Include="src\main.h">
      <Filter>src</Filter>
    </ClInclude>
    <ClInclude Include="src\FirstPersonCamera.h">
      <Filter>src</Filter>
    </ClInclude>
    <ClInclude Include="src\TargetCamera.h">
      <Filter>src</Filter>
    </ClInclude>
    <ClInclude Include="src\StarsParticles.h">
      <Filter>src\ParticleEmitters</Filter>
    </ClInclude>
    <ClInclude Include="src\BaseGameObject.h">
      <Filter>src\GameObjects</Filter>
    </ClInclude>
    <ClInclude Include="src\GameObjectManager.h">
      <Filter>src\GameObjects</Filter>
    </ClInclude>
    <ClInclude Include="src\BaseWarrior.h">
      <Filter>src\GameObjects</Filter>
    </ClInclude>
    <ClInclude Include="src\Player.h">
      <Filter>src\GameObjects</Filter>
    </ClInclude>
    <ClInclude Include="src\HiddenObject.h">
      <Filter>src\GameObjects</Filter>
    </ClInclude>
    <ClInclude Include="src\GameHUD.h">
      <Filter>src</Filter>
    </ClInclude>
    <ClInclude Include="src\UnitMovement.h">
      <Filter>src\GameObjects</Filter>
    </ClInclude>
    <ClInclude Include="src\Headers.h">
      <Filter>src</Filter>
    </ClInclude>
    <ClInclude Include="src\barar.h">
      <Filter>src\GameObjects\Warriors</Filter>
    </ClInclude>
    <ClInclude Include="src\budfoor.h">
      <Filter>src\GameObjects\Warriors</Filter>
    </ClInclude>
    <ClInclude Include="src\irbaga.h">
      <Filter>src\GameObjects\Warriors</Filter>
    </ClInclude>
    <ClInclude Include="src\albiria.h">
      <Filter>src\GameObjects\Warriors</Filter>
    </ClInclude>
    <ClInclude Include="src\BaseBullet.h">
      <Filter>src\GameObjects</Filter>
    </ClInclude>
    <ClInclude Include="src\BaseActor.h">
      <Filter>src\GameObjects</Filter>
    </ClInclude>
    <ClInclude Include="src\BoomerangBullet.h">
      <Filter>src\GameObjects\Bullets</Filter>
    </ClInclude>
    <ClInclude Include="src\chasovoy.h">
      <Filter>src\GameObjects\Warriors</Filter>
    </ClInclude>
    <ClInclude Include="src\ServerClient.h">
      <Filter>src</Filter>
    </ClInclude>
    <ClInclude Include="src\Warriors.h">
      <Filter>src\GameObjects\Warriors</Filter>
    </ClInclude>
    <ClInclude Include="src\Tower.h">
      <Filter>src\GameObjects</Filter>
    </ClInclude>
    <ClInclude Include="src\thebase.h">
      <Filter>src\GameObjects</Filter>
    </ClInclude>
    <ClInclude Include="src\ActorData.h">
      <Filter>src\GameObjects</Filter>
    </ClInclude>
    <ClInclude Include="..\Server\raknet\_findfirst.h">
      <Filter>src\RakNet</Filter>
    </ClInclude>
    <ClInclude Include="..\Server\raknet\AsynchronousFileIO.h">
      <Filter>src\RakNet</Filter>
    </ClInclude>
    <ClInclude Include="..\Server\raknet\AutopatcherPatchContext.h">
      <Filter>src\RakNet</Filter>
    </ClInclude>
    <ClInclude Include="..\Server\raknet\AutopatcherRepositoryInterface.h">
      <Filter>src\RakNet</Filter>
    </ClInclude>
    <ClInclude Include="..\Server\raknet\BigTypes.h">
      <Filter>src\RakNet</Filter>
    </ClInclude>
    <ClInclude Include="..\Server\raknet\BitStream.h">
      <Filter>src\RakNet</Filter>
    </ClInclude>
    <ClInclude Include="..\Server\raknet\BitStream_NoTemplate.h">
      <Filter>src\RakNet</Filter>
    </ClInclude>
    <ClInclude Include="..\Server\raknet\CheckSum.h">
      <Filter>src\RakNet</Filter>
    </ClInclude>
    <ClInclude Include="..\Server\raknet\ClientContextStruct.h">
      <Filter>src\RakNet</Filter>
    </ClInclude>
    <ClInclude Include="..\Server\raknet\CommandParserInterface.h">
      <Filter>src\RakNet</Filter>
    </ClInclude>
    <ClInclude Include="..\Server\raknet\ConsoleServer.h">
      <Filter>src\RakNet</Filter>
    </ClInclude>
    <ClInclude Include="..\Server\raknet\DataBlockEncryptor.h">
      <Filter>src\RakNet</Filter>
    </ClInclude>
    <ClInclude Include="..\Server\raknet\DataCompressor.h">
      <Filter>src\RakNet</Filter>
    </ClInclude>
    <ClInclude Include="..\Server\raknet\DS_BinarySearchTree.h">
      <Filter>src\RakNet</Filter>
    </ClInclude>
    <ClInclude Include="..\Server\raknet\DS_BPlusTree.h">
      <Filter>src\RakNet</Filter>
    </ClInclude>
    <ClInclude Include="..\Server\raknet\DS_ByteQueue.h">
      <Filter>src\RakNet</Filter>
    </ClInclude>
    <ClInclude Include="..\Server\raknet\DS_Heap.h">
      <Filter>src\RakNet</Filter>
    </ClInclude>
    <ClInclude Include="..\Server\raknet\DS_HuffmanEncodingTree.h">
      <Filter>src\RakNet</Filter>
    </ClInclude>
    <ClInclude Include="..\Server\raknet\DS_HuffmanEncodingTreeFactory.h">
      <Filter>src\RakNet</Filter>
    </ClInclude>
    <ClInclude Include="..\Server\raknet\DS_HuffmanEncodingTreeNode.h">
      <Filter>src\RakNet</Filter>
    </ClInclude>
    <ClInclude Include="..\Server\raknet\DS_LinkedList.h">
      <Filter>src\RakNet</Filter>
    </ClInclude>
    <ClInclude Include="..\Server\raknet\DS_List.h">
      <Filter>src\RakNet</Filter>
    </ClInclude>
    <ClInclude Include="..\Server\raknet\DS_Map.h">
      <Filter>src\RakNet</Filter>
    </ClInclude>
    <ClInclude Include="..\Server\raknet\DS_MemoryPool.h">
      <Filter>src\RakNet</Filter>
    </ClInclude>
    <ClInclude Include="..\Server\raknet\DS_OrderedChannelHeap.h">
      <Filter>src\RakNet</Filter>
    </ClInclude>
    <ClInclude Include="..\Server\raknet\DS_OrderedList.h">
      <Filter>src\RakNet</Filter>
    </ClInclude>
    <ClInclude Include="..\Server\raknet\DS_Queue.h">
      <Filter>src\RakNet</Filter>
    </ClInclude>
    <ClInclude Include="..\Server\raknet\DS_QueueLinkedList.h">
      <Filter>src\RakNet</Filter>
    </ClInclude>
    <ClInclude Include="..\Server\raknet\DS_RangeList.h">
      <Filter>src\RakNet</Filter>
    </ClInclude>
    <ClInclude Include="..\Server\raknet\DS_Table.h">
      <Filter>src\RakNet</Filter>
    </ClInclude>
    <ClInclude Include="..\Server\raknet\DS_Tree.h">
      <Filter>src\RakNet</Filter>
    </ClInclude>
    <ClInclude Include="..\Server\raknet\DS_WeightedGraph.h">
      <Filter>src\RakNet</Filter>
    </ClInclude>
    <ClInclude Include="..\Server\raknet\Export.h">
      <Filter>src\RakNet</Filter>
    </ClInclude>
    <ClInclude Include="..\Server\raknet\ExtendedOverlappedPool.h">
      <Filter>src\RakNet</Filter>
    </ClInclude>
    <ClInclude Include="..\Server\raknet\FileOperations.h">
      <Filter>src\RakNet</Filter>
    </ClInclude>
    <ClInclude Include="..\Server\raknet\Gets.h">
      <Filter>src\RakNet</Filter>
    </ClInclude>
    <ClInclude Include="..\Server\raknet\GetTime.h">
      <Filter>src\RakNet</Filter>
    </ClInclude>
    <ClInclude Include="..\Server\raknet\InternalPacket.h">
      <Filter>src\RakNet</Filter>
    </ClInclude>
    <ClInclude Include="..\Server\raknet\InternalPacketPool.h">
      <Filter>src\RakNet</Filter>
    </ClInclude>
    <ClInclude Include="..\Server\raknet\Kbhit.h">
      <Filter>src\RakNet</Filter>
    </ClInclude>
    <ClInclude Include="..\Server\raknet\LinuxStrings.h">
      <Filter>src\RakNet</Filter>
    </ClInclude>
    <ClInclude Include="..\Server\raknet\LogCommandParser.h">
      <Filter>src\RakNet</Filter>
    </ClInclude>
    <ClInclude Include="..\Server\raknet\MTUSize.h">
      <Filter>src\RakNet</Filter>
    </ClInclude>
    <ClInclude Include="..\Server\raknet\multiplayer.h">
      <Filter>src\RakNet</Filter>
    </ClInclude>
    <ClInclude Include="..\Server\raknet\NetworkIDGenerator.h">
      <Filter>src\RakNet</Filter>
    </ClInclude>
    <ClInclude Include="..\Server\raknet\NetworkTypes.h">
      <Filter>src\RakNet</Filter>
    </ClInclude>
    <ClInclude Include="..\Server\raknet\PacketEnumerations.h">
      <Filter>src\RakNet</Filter>
    </ClInclude>
    <ClInclude Include="..\Server\raknet\PacketPool.h">
      <Filter>src\RakNet</Filter>
    </ClInclude>
    <ClInclude Include="..\Server\raknet\PacketPriority.h">
      <Filter>src\RakNet</Filter>
    </ClInclude>
    <ClInclude Include="..\Server\raknet\PluginInterface.h">
      <Filter>src\RakNet</Filter>
    </ClInclude>
    <ClInclude Include="..\Server\raknet\RakAssert.h">
      <Filter>src\RakNet</Filter>
    </ClInclude>
    <ClInclude Include="..\Server\raknet\RakClient.h">
      <Filter>src\RakNet</Filter>
    </ClInclude>
    <ClInclude Include="..\Server\raknet\RakClientInterface.h">
      <Filter>src\RakNet</Filter>
    </ClInclude>
    <ClInclude Include="..\Server\raknet\RakNetCommandParser.h">
      <Filter>src\RakNet</Filter>
    </ClInclude>
    <ClInclude Include="..\Server\raknet\RakNetDefines.h">
      <Filter>src\RakNet</Filter>
    </ClInclude>
    <ClInclude Include="..\Server\raknet\RakNetStatistics.h">
      <Filter>src\RakNet</Filter>
    </ClInclude>
    <ClInclude Include="..\Server\raknet\RakNetTime.h">
      <Filter>src\RakNet</Filter>
    </ClInclude>
    <ClInclude Include="..\Server\raknet\RakNetworkFactory.h">
      <Filter>src\RakNet</Filter>
    </ClInclude>
    <ClInclude Include="..\Server\raknet\rakpeer.h">
      <Filter>src\RakNet</Filter>
    </ClInclude>
    <ClInclude Include="..\Server\raknet\rakpeerinterface.h">
      <Filter>src\RakNet</Filter>
    </ClInclude>
    <ClInclude Include="..\Server\raknet\RakServer.h">
      <Filter>src\RakNet</Filter>
    </ClInclude>
    <ClInclude Include="..\Server\raknet\rakserverinterface.h">
      <Filter>src\RakNet</Filter>
    </ClInclude>
    <ClInclude Include="..\Server\raknet\RakSleep.h">
      <Filter>src\RakNet</Filter>
    </ClInclude>
    <ClInclude Include="..\Server\raknet\Rand.h">
      <Filter>src\RakNet</Filter>
    </ClInclude>
    <ClInclude Include="..\Server\raknet\ReliabilityLayer.h">
      <Filter>src\RakNet</Filter>
    </ClInclude>
    <ClInclude Include="..\Server\raknet\Replica.h">
      <Filter>src\RakNet</Filter>
    </ClInclude>
    <ClInclude Include="..\Server\raknet\ReplicaEnums.h">
      <Filter>src\RakNet</Filter>
    </ClInclude>
    <ClInclude Include="..\Server\raknet\rijndael.h">
      <Filter>src\RakNet</Filter>
    </ClInclude>
    <ClInclude Include="..\Server\raknet\rijndael-boxes.h">
      <Filter>src\RakNet</Filter>
    </ClInclude>
    <ClInclude Include="..\Server\raknet\RouterInterface.h">
      <Filter>src\RakNet</Filter>
    </ClInclude>
    <ClInclude Include="..\Server\raknet\RPCMap.h">
      <Filter>src\RakNet</Filter>
    </ClInclude>
    <ClInclude Include="..\Server\raknet\RPCNode.h">
      <Filter>src\RakNet</Filter>
    </ClInclude>
    <ClInclude Include="..\Server\raknet\RSACrypt.h">
      <Filter>src\RakNet</Filter>
    </ClInclude>
    <ClInclude Include="..\Server\raknet\SHA1.h">
      <Filter>src\RakNet</Filter>
    </ClInclude>
    <ClInclude Include="..\Server\raknet\SimpleMutex.h">
      <Filter>src\RakNet</Filter>
    </ClInclude>
    <ClInclude Include="..\Server\raknet\SimpleTCPServer.h">
      <Filter>src\RakNet</Filter>
    </ClInclude>
    <ClInclude Include="..\Server\raknet\SingleProducerConsumer.h">
      <Filter>src\RakNet</Filter>
    </ClInclude>
    <ClInclude Include="..\Server\raknet\SocketLayer.h">
      <Filter>src\RakNet</Filter>
    </ClInclude>
    <ClInclude Include="..\Server\raknet\StringCompressor.h">
      <Filter>src\RakNet</Filter>
    </ClInclude>
    <ClInclude Include="..\Server\raknet\StringTable.h">
      <Filter>src\RakNet</Filter>
    </ClInclude>
    <ClInclude Include="..\Server\raknet\systemaddresslist.h">
      <Filter>src\RakNet</Filter>
    </ClInclude>
    <ClInclude Include="..\Server\raknet\SystemDatabaseClient.h">
      <Filter>src\RakNet</Filter>
    </ClInclude>
    <ClInclude Include="..\Server\raknet\SystemDatabaseServer.h">
      <Filter>src\RakNet</Filter>
    </ClInclude>
    <ClInclude Include="..\Server\raknet\TableSerializer.h">
      <Filter>src\RakNet</Filter>
    </ClInclude>
    <ClInclude Include="..\Server\raknet\TCPInterface.h">
      <Filter>src\RakNet</Filter>
    </ClInclude>
    <ClInclude Include="..\Server\raknet\TelnetTransport.h">
      <Filter>src\RakNet</Filter>
    </ClInclude>
    <ClInclude Include="..\Server\raknet\ThreadPool.h">
      <Filter>src\RakNet</Filter>
    </ClInclude>
    <ClInclude Include="..\Server\raknet\TransportInterface.h">
      <Filter>src\RakNet</Filter>
    </ClInclude>
    <ClInclude Include="..\Server\raknet\Types.h">
      <Filter>src\RakNet</Filter>
    </ClInclude>
    <ClInclude Include="..\Server\raknet\WindowsIncludes.h">
      <Filter>src\RakNet</Filter>
    </ClInclude>
    <ClInclude Include="..\Server\raknet\SAMP\samp_netencr.h">
      <Filter>src\RakNet\SAMP</Filter>
    </ClInclude>
    <ClInclude Include="..\Server\raknet\SAMP\SAMPRPC.h">
      <Filter>src\RakNet\SAMP</Filter>
    </ClInclude>
    <ClInclude Include="..\Server\raknet\main.h">
      <Filter>src\RakNet</Filter>
    </ClInclude>
    <ClInclude Include="src\BaseStaticActor.h">
      <Filter>src\GameObjects</Filter>
    </ClInclude>
    <ClInclude Include="src\TimeManager.h">
      <Filter>src</Filter>
    </ClInclude>
    <ClInclude Include="src\TimeWarpObject.h">
      <Filter>src\GameObjects</Filter>
    </ClInclude>
  </ItemGroup>
</Project>