
Microsoft Visual Studio Solution File, Format Version 12.00
# Visual Studio 2013
VisualStudioVersion = 12.0.21005.1
MinimumVisualStudioVersion = 10.0.40219.1
Project("{8BC9CEB8-8B4A-11D0-8D11-00A0C91BC942}") = "gameplay", "gameplay\gameplay.vcxproj", "{1032BA4B-57EB-4348-9E03-29DD63E80E4A}"
EndProject
Project("{8BC9CEB8-8B4A-11D0-8D11-00A0C91BC942}") = "bullet", "external-deps\bullet\bullet.vcxproj", "{7F49B1C3-7C98-4638-BB69-C2C0EB800C2B}"
EndProject
Project("{8BC9CEB8-8B4A-11D0-8D11-00A0C91BC942}") = "png", "external-deps\libpng\libpng.vcxproj", "{5368D6BF-C8C9-44E4-9612-F90C172171B8}"
EndProject
Project("{8BC9CEB8-8B4A-11D0-8D11-00A0C91BC942}") = "lua", "external-deps\lua\lua.vcxproj", "{5368D6BF-C7C9-44E4-9612-F90C172171B8}"
EndProject
Global
	GlobalSection(SolutionConfigurationPlatforms) = preSolution
		Debug|Tegra-Android = Debug|Tegra-Android
		Debug|Win32 = Debug|Win32
		Debug|x64 = Debug|x64
		Release|Tegra-Android = Release|Tegra-Android
		Release|Win32 = Release|Win32
		Release|x64 = Release|x64
	EndGlobalSection
	GlobalSection(ProjectConfigurationPlatforms) = postSolution
		{1032BA4B-57EB-4348-9E03-29DD63E80E4A}.Debug|Tegra-Android.ActiveCfg = Debug|Tegra-Android
		{1032BA4B-57EB-4348-9E03-29DD63E80E4A}.Debug|Tegra-Android.Build.0 = Debug|Tegra-Android
		{1032BA4B-57EB-4348-9E03-29DD63E80E4A}.Debug|Win32.ActiveCfg = Debug|Win32
		{1032BA4B-57EB-4348-9E03-29DD63E80E4A}.Debug|Win32.Build.0 = Debug|Win32
		{1032BA4B-57EB-4348-9E03-29DD63E80E4A}.Debug|x64.ActiveCfg = Debug|x64
		{1032BA4B-57EB-4348-9E03-29DD63E80E4A}.Debug|x64.Build.0 = Debug|x64
		{1032BA4B-57EB-4348-9E03-29DD63E80E4A}.Release|Tegra-Android.ActiveCfg = Release|Tegra-Android
		{1032BA4B-57EB-4348-9E03-29DD63E80E4A}.Release|Tegra-Android.Build.0 = Release|Tegra-Android
		{1032BA4B-57EB-4348-9E03-29DD63E80E4A}.Release|Win32.ActiveCfg = Release|Win32
		{1032BA4B-57EB-4348-9E03-29DD63E80E4A}.Release|Win32.Build.0 = Release|Win32
		{1032BA4B-57EB-4348-9E03-29DD63E80E4A}.Release|x64.ActiveCfg = Release|x64
		{1032BA4B-57EB-4348-9E03-29DD63E80E4A}.Release|x64.Build.0 = Release|x64
		{7F49B1C3-7C98-4638-BB69-C2C0EB800C2B}.Debug|Tegra-Android.ActiveCfg = Debug|Tegra-Android
		{7F49B1C3-7C98-4638-BB69-C2C0EB800C2B}.Debug|Tegra-Android.Build.0 = Debug|Tegra-Android
		{7F49B1C3-7C98-4638-BB69-C2C0EB800C2B}.Debug|Win32.ActiveCfg = Debug|Win32
		{7F49B1C3-7C98-4638-BB69-C2C0EB800C2B}.Debug|Win32.Build.0 = Debug|Win32
		{7F49B1C3-7C98-4638-BB69-C2C0EB800C2B}.Debug|x64.ActiveCfg = Debug|Win32
		{7F49B1C3-7C98-4638-BB69-C2C0EB800C2B}.Release|Tegra-Android.ActiveCfg = Release|Tegra-Android
		{7F49B1C3-7C98-4638-BB69-C2C0EB800C2B}.Release|Tegra-Android.Build.0 = Release|Tegra-Android
		{7F49B1C3-7C98-4638-BB69-C2C0EB800C2B}.Release|Win32.ActiveCfg = Release|Win32
		{7F49B1C3-7C98-4638-BB69-C2C0EB800C2B}.Release|Win32.Build.0 = Release|Win32
		{7F49B1C3-7C98-4638-BB69-C2C0EB800C2B}.Release|x64.ActiveCfg = Release|Win32
		{5368D6BF-C8C9-44E4-9612-F90C172171B8}.Debug|Tegra-Android.ActiveCfg = Debug|Tegra-Android
		{5368D6BF-C8C9-44E4-9612-F90C172171B8}.Debug|Tegra-Android.Build.0 = Debug|Tegra-Android
		{5368D6BF-C8C9-44E4-9612-F90C172171B8}.Debug|Win32.ActiveCfg = Debug|Win32
		{5368D6BF-C8C9-44E4-9612-F90C172171B8}.Debug|Win32.Build.0 = Debug|Win32
		{5368D6BF-C8C9-44E4-9612-F90C172171B8}.Debug|x64.ActiveCfg = Debug|Win32
		{5368D6BF-C8C9-44E4-9612-F90C172171B8}.Release|Tegra-Android.ActiveCfg = Release|Tegra-Android
		{5368D6BF-C8C9-44E4-9612-F90C172171B8}.Release|Tegra-Android.Build.0 = Release|Tegra-Android
		{5368D6BF-C8C9-44E4-9612-F90C172171B8}.Release|Win32.ActiveCfg = Release|Win32
		{5368D6BF-C8C9-44E4-9612-F90C172171B8}.Release|Win32.Build.0 = Release|Win32
		{5368D6BF-C8C9-44E4-9612-F90C172171B8}.Release|x64.ActiveCfg = Release|Win32
		{5368D6BF-C7C9-44E4-9612-F90C172171B8}.Debug|Tegra-Android.ActiveCfg = Debug|Tegra-Android
		{5368D6BF-C7C9-44E4-9612-F90C172171B8}.Debug|Tegra-Android.Build.0 = Debug|Tegra-Android
		{5368D6BF-C7C9-44E4-9612-F90C172171B8}.Debug|Win32.ActiveCfg = Debug|Win32
		{5368D6BF-C7C9-44E4-9612-F90C172171B8}.Debug|Win32.Build.0 = Debug|Win32
		{5368D6BF-C7C9-44E4-9612-F90C172171B8}.Debug|x64.ActiveCfg = Debug|Win32
		{5368D6BF-C7C9-44E4-9612-F90C172171B8}.Release|Tegra-Android.ActiveCfg = Release|Tegra-Android
		{5368D6BF-C7C9-44E4-9612-F90C172171B8}.Release|Tegra-Android.Build.0 = Release|Tegra-Android
		{5368D6BF-C7C9-44E4-9612-F90C172171B8}.Release|Win32.ActiveCfg = Release|Win32
		{5368D6BF-C7C9-44E4-9612-F90C172171B8}.Release|Win32.Build.0 = Release|Win32
		{5368D6BF-C7C9-44E4-9612-F90C172171B8}.Release|x64.ActiveCfg = Release|Win32
	EndGlobalSection
	GlobalSection(SolutionProperties) = preSolution
		HideSolutionNode = FALSE
	EndGlobalSection
EndGlobal
